
Microsoft Visual Studio Solution File, Format Version 12.00
# Visual Studio Version 17
VisualStudioVersion = 17.10.35122.118
MinimumVisualStudioVersion = 10.0.40219.1
Project("{FAE04EC0-301F-11D3-BF4B-00C04F79EFBC}") = "AdminProyectos.EntidadesDeNegocio", "AdminProyectos.EntidadesDeNegocio\AdminProyectos.EntidadesDeNegocio.csproj", "{92F91995-EA92-470B-ADC8-FD734F9E4F13}"
EndProject
Project("{FAE04EC0-301F-11D3-BF4B-00C04F79EFBC}") = "AdminProyectos.AccesoADatos", "AdminProyectos.AccesoADatos\AdminProyectos.AccesoADatos.csproj", "{18708DCA-43BD-4508-BAC2-B8781400A571}"
EndProject
Project("{FAE04EC0-301F-11D3-BF4B-00C04F79EFBC}") = "AdminProyectos.LogicaDeNegocio", "AdminProyectos.LogicaDeNegocio\AdminProyectos.LogicaDeNegocio.csproj", "{75919CB0-191F-4688-80C9-5F8414B81CD2}"
EndProject
Project("{FAE04EC0-301F-11D3-BF4B-00C04F79EFBC}") = "AdminProyectos.WebAPI", "AdminProyectos.WebAPI\AdminProyectos.WebAPI.csproj", "{E05CB887-3C4F-4F5B-8951-E857A99E29A4}"
EndProject
Global
	GlobalSection(SolutionConfigurationPlatforms) = preSolution
		Debug|Any CPU = Debug|Any CPU
		Release|Any CPU = Release|Any CPU
	EndGlobalSection
	GlobalSection(ProjectConfigurationPlatforms) = postSolution
		{92F91995-EA92-470B-ADC8-FD734F9E4F13}.Debug|Any CPU.ActiveCfg = Debug|Any CPU
		{92F91995-EA92-470B-ADC8-FD734F9E4F13}.Debug|Any CPU.Build.0 = Debug|Any CPU
		{92F91995-EA92-470B-ADC8-FD734F9E4F13}.Release|Any CPU.ActiveCfg = Release|Any CPU
		{92F91995-EA92-470B-ADC8-FD734F9E4F13}.Release|Any CPU.Build.0 = Release|Any CPU
		{18708DCA-43BD-4508-BAC2-B8781400A571}.Debug|Any CPU.ActiveCfg = Debug|Any CPU
		{18708DCA-43BD-4508-BAC2-B8781400A571}.Debug|Any CPU.Build.0 = Debug|Any CPU
		{18708DCA-43BD-4508-BAC2-B8781400A571}.Release|Any CPU.ActiveCfg = Release|Any CPU
		{18708DCA-43BD-4508-BAC2-B8781400A571}.Release|Any CPU.Build.0 = Release|Any CPU
		{75919CB0-191F-4688-80C9-5F8414B81CD2}.Debug|Any CPU.ActiveCfg = Debug|Any CPU
		{75919CB0-191F-4688-80C9-5F8414B81CD2}.Debug|Any CPU.Build.0 = Debug|Any CPU
		{75919CB0-191F-4688-80C9-5F8414B81CD2}.Release|Any CPU.ActiveCfg = Release|Any CPU
		{75919CB0-191F-4688-80C9-5F8414B81CD2}.Release|Any CPU.Build.0 = Release|Any CPU
		{E05CB887-3C4F-4F5B-8951-E857A99E29A4}.Debug|Any CPU.ActiveCfg = Debug|Any CPU
		{E05CB887-3C4F-4F5B-8951-E857A99E29A4}.Debug|Any CPU.Build.0 = Debug|Any CPU
		{E05CB887-3C4F-4F5B-8951-E857A99E29A4}.Release|Any CPU.ActiveCfg = Release|Any CPU
		{E05CB887-3C4F-4F5B-8951-E857A99E29A4}.Release|Any CPU.Build.0 = Release|Any CPU
	EndGlobalSection
	GlobalSection(SolutionProperties) = preSolution
		HideSolutionNode = FALSE
	EndGlobalSection
	GlobalSection(ExtensibilityGlobals) = postSolution
		SolutionGuid = {631C338B-2A11-4BF4-9A28-F1E8F96ABC2A}
	EndGlobalSection
EndGlobal
